{
  "name": "moru",
  "lockfileVersion": 2,
  "requires": true,
  "packages": {
    "": {
      "name": "moru",
      "license": "MIT",
      "workspaces": [
        "packages/web",
        "packages/moru",
        "packages/store"
      ]
    },
    "node_modules/@moru/store": {
      "resolved": "packages/store",
      "link": true
    },
    "node_modules/@moru/web": {
      "resolved": "packages/web",
      "link": true
    },
    "node_modules/moru": {
      "resolved": "packages/moru",
      "link": true
    },
    "packages/components": {
      "version": "0.0.1",
      "extraneous": true,
      "peerDependencies": {
        "@moru/context": "0.0.1",
        "@moru/hooks": "0.0.1",
        "moru": "0.0.4-1"
      }
    },
    "packages/context": {
      "name": "@moru/context",
      "version": "0.0.1",
      "extraneous": true
    },
    "packages/hooks": {
      "name": "@moru/hooks",
      "version": "0.0.1",
      "extraneous": true,
      "peerDependencies": {
        "@moru/context": "0.0.1"
      }
    },
    "packages/moru": {
      "version": "0.0.5",
      "license": "MIT"
    },
    "packages/moru-tests": {
      "extraneous": true,
      "dependencies": {
        "moru": "*"
      },
      "devDependencies": {
        "jsdom": "^21.0.0",
        "vite": "^4.0.4",
        "vitest": "^0.27.2"
      }
    },
    "packages/renderer": {
      "name": "@moru/renderer",
      "version": "0.0.1",
      "extraneous": true,
      "peerDependencies": {
        "@moru/context": "0.0.1",
        "moru": "0.0.4-1"
      }
    },
    "packages/scope": {
      "name": "@moru/scope",
      "version": "0.0.1",
      "extraneous": true
    },
    "packages/store": {
      "version": "0.0.5",
      "license": "MIT",
      "peerDependencies": {
        "moru": "0.0.5"
      }
    },
    "packages/web": {
      "name": "@moru/web",
      "version": "0.0.5",
      "license": "MIT",
      "peerDependencies": {
        "moru": "0.0.5"
      }
    }
  },
  "dependencies": {
    "@moru/store": {
      "version": "file:packages/store",
      "requires": {}
    },
    "@moru/web": {
      "version": "file:packages/web",
      "requires": {}
    },
    "moru": {
      "version": "file:packages/moru"
    }
  }
}
